
Microsoft Visual Studio Solution File, Format Version 12.00
# Visual Studio Version 17
VisualStudioVersion = 17.1.32421.90
MinimumVisualStudioVersion = 10.0.40219.1
Project("{FAE04EC0-301F-11D3-BF4B-00C04F79EFBC}") = "Roman to Integer", "Roman to Integer\Roman to Integer.csproj", "{A879D698-8A4F-4272-A321-5BF33E75877D}"
EndProject
Global
	GlobalSection(SolutionConfigurationPlatforms) = preSolution
		Debug|Any CPU = Debug|Any CPU
		Release|Any CPU = Release|Any CPU
	EndGlobalSection
	GlobalSection(ProjectConfigurationPlatforms) = postSolution
		{A879D698-8A4F-4272-A321-5BF33E75877D}.Debug|Any CPU.ActiveCfg = Debug|Any CPU
		{A879D698-8A4F-4272-A321-5BF33E75877D}.Debug|Any CPU.Build.0 = Debug|Any CPU
		{A879D698-8A4F-4272-A321-5BF33E75877D}.Release|Any CPU.ActiveCfg = Release|Any CPU
		{A879D698-8A4F-4272-A321-5BF33E75877D}.Release|Any CPU.Build.0 = Release|Any CPU
	EndGlobalSection
	GlobalSection(SolutionProperties) = preSolution
		HideSolutionNode = FALSE
	EndGlobalSection
	GlobalSection(ExtensibilityGlobals) = postSolution
		SolutionGuid = {2F0A3FD9-6A53-4F36-AAEB-8C0EC5BACE7D}
	EndGlobalSection
EndGlobal
